
Microsoft Visual Studio Solution File, Format Version 12.00
Project("{FAE04EC0-301F-11D3-BF4B-00C04F79EFBC}") = "LH-Communicate-Intent", "LH-Communicate-Intent\LH-Communicate-Intent.csproj", "{BE13D349-AC22-411E-80BF-643B8F460DE9}"
EndProject
Global
	GlobalSection(SolutionConfigurationPlatforms) = preSolution
		Debug|Any CPU = Debug|Any CPU
		Release|Any CPU = Release|Any CPU
	EndGlobalSection
	GlobalSection(ProjectConfigurationPlatforms) = postSolution
		{BE13D349-AC22-411E-80BF-643B8F460DE9}.Debug|Any CPU.ActiveCfg = Debug|Any CPU
		{BE13D349-AC22-411E-80BF-643B8F460DE9}.Debug|Any CPU.Build.0 = Debug|Any CPU
		{BE13D349-AC22-411E-80BF-643B8F460DE9}.Release|Any CPU.ActiveCfg = Release|Any CPU
		{BE13D349-AC22-411E-80BF-643B8F460DE9}.Release|Any CPU.Build.0 = Release|Any CPU
	EndGlobalSection
EndGlobal
